// !$*UTF8*$!
{
	archiveVersion = 1;
	classes = {
	};
	objectVersion = 50;
	objects = {

/* Begin PBXBuildFile section */
		974212C128EF697200FA3E37 /* DataRepo.swift in Sources */ = {isa = PBXBuildFile; fileRef = 974212C028EF697200FA3E37 /* DataRepo.swift */; };
		974212C328EF6C6900FA3E37 /* DataController.swift in Sources */ = {isa = PBXBuildFile; fileRef = 974212C228EF6C6900FA3E37 /* DataController.swift */; };
		974212C528EF6FFD00FA3E37 /* ItemRepo.swift in Sources */ = {isa = PBXBuildFile; fileRef = 974212C428EF6FFD00FA3E37 /* ItemRepo.swift */; };
		974212C728EF73BF00FA3E37 /* CoreDataStack.swift in Sources */ = {isa = PBXBuildFile; fileRef = 974212C628EF73BF00FA3E37 /* CoreDataStack.swift */; };
		974212CD28F0E3B500FA3E37 /* Model.xcdatamodeld in Sources */ = {isa = PBXBuildFile; fileRef = 977887FD28EA2FD400C92F0A /* Model.xcdatamodeld */; };
		974212CF28F0E3E700FA3E37 /* ItemRepo.swift in Sources */ = {isa = PBXBuildFile; fileRef = 974212C428EF6FFD00FA3E37 /* ItemRepo.swift */; };
		974212D028F0E3F900FA3E37 /* CoreDataStack.swift in Sources */ = {isa = PBXBuildFile; fileRef = 974212C628EF73BF00FA3E37 /* CoreDataStack.swift */; };
		977887FF28EA2FD400C92F0A /* Model.xcdatamodeld in Sources */ = {isa = PBXBuildFile; fileRef = 977887FD28EA2FD400C92F0A /* Model.xcdatamodeld */; };
		979054E228E9EF4800FF8E13 /* WidgetKit.framework in Frameworks */ = {isa = PBXBuildFile; fileRef = 979054E128E9EF4700FF8E13 /* WidgetKit.framework */; };
		979054E428E9EF4800FF8E13 /* SwiftUI.framework in Frameworks */ = {isa = PBXBuildFile; fileRef = 979054E328E9EF4800FF8E13 /* SwiftUI.framework */; };
		979054E728E9EF4800FF8E13 /* KlearWidget.swift in Sources */ = {isa = PBXBuildFile; fileRef = 979054E628E9EF4800FF8E13 /* KlearWidget.swift */; };
		979054EA28E9EF4900FF8E13 /* Assets.xcassets in Resources */ = {isa = PBXBuildFile; fileRef = 979054E928E9EF4900FF8E13 /* Assets.xcassets */; };
		979054EC28E9EF4900FF8E13 /* KlearWidget.intentdefinition in Sources */ = {isa = PBXBuildFile; fileRef = 979054E828E9EF4800FF8E13 /* KlearWidget.intentdefinition */; };
		979054ED28E9EF4900FF8E13 /* KlearWidget.intentdefinition in Sources */ = {isa = PBXBuildFile; fileRef = 979054E828E9EF4800FF8E13 /* KlearWidget.intentdefinition */; };
		979054F028E9EF4900FF8E13 /* KlearWidgetExtension.appex in Embed Foundation Extensions */ = {isa = PBXBuildFile; fileRef = 979054DF28E9EF4700FF8E13 /* KlearWidgetExtension.appex */; settings = {ATTRIBUTES = (RemoveHeadersOnCopy, ); }; };
		BD14C91C24A5002700209708 /* AppDelegate.swift in Sources */ = {isa = PBXBuildFile; fileRef = BD14C91B24A5002700209708 /* AppDelegate.swift */; };
		BD14C91E24A5002700209708 /* SceneDelegate.swift in Sources */ = {isa = PBXBuildFile; fileRef = BD14C91D24A5002700209708 /* SceneDelegate.swift */; };
		BD14C92024A5002700209708 /* ViewController.swift in Sources */ = {isa = PBXBuildFile; fileRef = BD14C91F24A5002700209708 /* ViewController.swift */; };
		BD14C92524A5002900209708 /* Assets.xcassets in Resources */ = {isa = PBXBuildFile; fileRef = BD14C92424A5002900209708 /* Assets.xcassets */; };
		BD14C92824A5002900209708 /* LaunchScreen.storyboard in Resources */ = {isa = PBXBuildFile; fileRef = BD14C92624A5002900209708 /* LaunchScreen.storyboard */; };
		BD14C93624A5012B00209708 /* DummyCell.swift in Sources */ = {isa = PBXBuildFile; fileRef = BD14C92F24A5012A00209708 /* DummyCell.swift */; };
		BD14C93724A5012B00209708 /* TodoItem.swift in Sources */ = {isa = PBXBuildFile; fileRef = BD14C93024A5012A00209708 /* TodoItem.swift */; };
		BD14C93824A5012B00209708 /* DummyCell.xib in Resources */ = {isa = PBXBuildFile; fileRef = BD14C93124A5012A00209708 /* DummyCell.xib */; };
		BD14C93924A5012B00209708 /* TableViewCell.swift in Sources */ = {isa = PBXBuildFile; fileRef = BD14C93224A5012A00209708 /* TableViewCell.swift */; };
		BD14C93A24A5012B00209708 /* TodoCell.xib in Resources */ = {isa = PBXBuildFile; fileRef = BD14C93324A5012A00209708 /* TodoCell.xib */; };
		BD14C93C24A5012B00209708 /* TodoCell.swift in Sources */ = {isa = PBXBuildFile; fileRef = BD14C93524A5012B00209708 /* TodoCell.swift */; };
		BD14C93E24A5017E00209708 /* Main.storyboard in Resources */ = {isa = PBXBuildFile; fileRef = BD14C93D24A5017E00209708 /* Main.storyboard */; };
/* End PBXBuildFile section */

/* Begin PBXContainerItemProxy section */
		979054EE28E9EF4900FF8E13 /* PBXContainerItemProxy */ = {
			isa = PBXContainerItemProxy;
			containerPortal = BD14C91024A5002700209708 /* Project object */;
			proxyType = 1;
			remoteGlobalIDString = 979054DE28E9EF4700FF8E13;
			remoteInfo = KlearWidgetExtension;
		};
/* End PBXContainerItemProxy section */

/* Begin PBXCopyFilesBuildPhase section */
		979054F128E9EF4900FF8E13 /* Embed Foundation Extensions */ = {
			isa = PBXCopyFilesBuildPhase;
			buildActionMask = 2147483647;
			dstPath = "";
			dstSubfolderSpec = 13;
			files = (
				979054F028E9EF4900FF8E13 /* KlearWidgetExtension.appex in Embed Foundation Extensions */,
			);
			name = "Embed Foundation Extensions";
			runOnlyForDeploymentPostprocessing = 0;
		};
/* End PBXCopyFilesBuildPhase section */

/* Begin PBXFileReference section */
		974212C028EF697200FA3E37 /* DataRepo.swift */ = {isa = PBXFileReference; lastKnownFileType = sourcecode.swift; path = DataRepo.swift; sourceTree = "<group>"; };
		974212C228EF6C6900FA3E37 /* DataController.swift */ = {isa = PBXFileReference; lastKnownFileType = sourcecode.swift; path = DataController.swift; sourceTree = "<group>"; };
		974212C428EF6FFD00FA3E37 /* ItemRepo.swift */ = {isa = PBXFileReference; lastKnownFileType = sourcecode.swift; path = ItemRepo.swift; sourceTree = "<group>"; };
		974212C628EF73BF00FA3E37 /* CoreDataStack.swift */ = {isa = PBXFileReference; lastKnownFileType = sourcecode.swift; path = CoreDataStack.swift; sourceTree = "<group>"; };
		974212C828F092C400FA3E37 /* Klear.entitlements */ = {isa = PBXFileReference; lastKnownFileType = text.plist.entitlements; path = Klear.entitlements; sourceTree = "<group>"; };
		974212C928F093FE00FA3E37 /* KlearWidgetExtension.entitlements */ = {isa = PBXFileReference; lastKnownFileType = text.plist.entitlements; path = KlearWidgetExtension.entitlements; sourceTree = "<group>"; };
		977887FE28EA2FD400C92F0A /* Model.xcdatamodel */ = {isa = PBXFileReference; lastKnownFileType = wrapper.xcdatamodel; path = Model.xcdatamodel; sourceTree = "<group>"; };
		979054DF28E9EF4700FF8E13 /* KlearWidgetExtension.appex */ = {isa = PBXFileReference; explicitFileType = "wrapper.app-extension"; includeInIndex = 0; path = KlearWidgetExtension.appex; sourceTree = BUILT_PRODUCTS_DIR; };
		979054E128E9EF4700FF8E13 /* WidgetKit.framework */ = {isa = PBXFileReference; lastKnownFileType = wrapper.framework; name = WidgetKit.framework; path = System/Library/Frameworks/WidgetKit.framework; sourceTree = SDKROOT; };
		979054E328E9EF4800FF8E13 /* SwiftUI.framework */ = {isa = PBXFileReference; lastKnownFileType = wrapper.framework; name = SwiftUI.framework; path = System/Library/Frameworks/SwiftUI.framework; sourceTree = SDKROOT; };
		979054E628E9EF4800FF8E13 /* KlearWidget.swift */ = {isa = PBXFileReference; lastKnownFileType = sourcecode.swift; path = KlearWidget.swift; sourceTree = "<group>"; };
		979054E828E9EF4800FF8E13 /* KlearWidget.intentdefinition */ = {isa = PBXFileReference; lastKnownFileType = file.intentdefinition; path = KlearWidget.intentdefinition; sourceTree = "<group>"; };
		979054E928E9EF4900FF8E13 /* Assets.xcassets */ = {isa = PBXFileReference; lastKnownFileType = folder.assetcatalog; path = Assets.xcassets; sourceTree = "<group>"; };
		979054EB28E9EF4900FF8E13 /* Info.plist */ = {isa = PBXFileReference; lastKnownFileType = text.plist.xml; path = Info.plist; sourceTree = "<group>"; };
		BD14C91824A5002700209708 /* Klear.app */ = {isa = PBXFileReference; explicitFileType = wrapper.application; includeInIndex = 0; path = Klear.app; sourceTree = BUILT_PRODUCTS_DIR; };
		BD14C91B24A5002700209708 /* AppDelegate.swift */ = {isa = PBXFileReference; lastKnownFileType = sourcecode.swift; path = AppDelegate.swift; sourceTree = "<group>"; };
		BD14C91D24A5002700209708 /* SceneDelegate.swift */ = {isa = PBXFileReference; lastKnownFileType = sourcecode.swift; path = SceneDelegate.swift; sourceTree = "<group>"; };
		BD14C91F24A5002700209708 /* ViewController.swift */ = {isa = PBXFileReference; lastKnownFileType = sourcecode.swift; path = ViewController.swift; sourceTree = "<group>"; };
		BD14C92424A5002900209708 /* Assets.xcassets */ = {isa = PBXFileReference; lastKnownFileType = folder.assetcatalog; path = Assets.xcassets; sourceTree = "<group>"; };
		BD14C92724A5002900209708 /* Base */ = {isa = PBXFileReference; lastKnownFileType = file.storyboard; name = Base; path = Base.lproj/LaunchScreen.storyboard; sourceTree = "<group>"; };
		BD14C92924A5002900209708 /* Info.plist */ = {isa = PBXFileReference; lastKnownFileType = text.plist.xml; path = Info.plist; sourceTree = "<group>"; };
		BD14C92F24A5012A00209708 /* DummyCell.swift */ = {isa = PBXFileReference; fileEncoding = 4; lastKnownFileType = sourcecode.swift; path = DummyCell.swift; sourceTree = "<group>"; };
		BD14C93024A5012A00209708 /* TodoItem.swift */ = {isa = PBXFileReference; fileEncoding = 4; lastKnownFileType = sourcecode.swift; path = TodoItem.swift; sourceTree = "<group>"; };
		BD14C93124A5012A00209708 /* DummyCell.xib */ = {isa = PBXFileReference; fileEncoding = 4; lastKnownFileType = file.xib; path = DummyCell.xib; sourceTree = "<group>"; };
		BD14C93224A5012A00209708 /* TableViewCell.swift */ = {isa = PBXFileReference; fileEncoding = 4; lastKnownFileType = sourcecode.swift; path = TableViewCell.swift; sourceTree = "<group>"; };
		BD14C93324A5012A00209708 /* TodoCell.xib */ = {isa = PBXFileReference; fileEncoding = 4; lastKnownFileType = file.xib; path = TodoCell.xib; sourceTree = "<group>"; };
		BD14C93524A5012B00209708 /* TodoCell.swift */ = {isa = PBXFileReference; fileEncoding = 4; lastKnownFileType = sourcecode.swift; path = TodoCell.swift; sourceTree = "<group>"; };
		BD14C93D24A5017E00209708 /* Main.storyboard */ = {isa = PBXFileReference; fileEncoding = 4; lastKnownFileType = file.storyboard; path = Main.storyboard; sourceTree = "<group>"; };
/* End PBXFileReference section */

/* Begin PBXFrameworksBuildPhase section */
		979054DC28E9EF4700FF8E13 /* Frameworks */ = {
			isa = PBXFrameworksBuildPhase;
			buildActionMask = 2147483647;
			files = (
				979054E428E9EF4800FF8E13 /* SwiftUI.framework in Frameworks */,
				979054E228E9EF4800FF8E13 /* WidgetKit.framework in Frameworks */,
			);
			runOnlyForDeploymentPostprocessing = 0;
		};
		BD14C91524A5002700209708 /* Frameworks */ = {
			isa = PBXFrameworksBuildPhase;
			buildActionMask = 2147483647;
			files = (
			);
			runOnlyForDeploymentPostprocessing = 0;
		};
/* End PBXFrameworksBuildPhase section */

/* Begin PBXGroup section */
		979054E028E9EF4700FF8E13 /* Frameworks */ = {
			isa = PBXGroup;
			children = (
				979054E128E9EF4700FF8E13 /* WidgetKit.framework */,
				979054E328E9EF4800FF8E13 /* SwiftUI.framework */,
			);
			name = Frameworks;
			sourceTree = "<group>";
		};
		979054E528E9EF4800FF8E13 /* KlearWidget */ = {
			isa = PBXGroup;
			children = (
				979054E628E9EF4800FF8E13 /* KlearWidget.swift */,
				979054E828E9EF4800FF8E13 /* KlearWidget.intentdefinition */,
				979054E928E9EF4900FF8E13 /* Assets.xcassets */,
				979054EB28E9EF4900FF8E13 /* Info.plist */,
			);
			path = KlearWidget;
			sourceTree = "<group>";
		};
		BD14C90F24A5002700209708 = {
			isa = PBXGroup;
			children = (
				974212C928F093FE00FA3E37 /* KlearWidgetExtension.entitlements */,
				BD14C91A24A5002700209708 /* Klear */,
				979054E528E9EF4800FF8E13 /* KlearWidget */,
				979054E028E9EF4700FF8E13 /* Frameworks */,
				BD14C91924A5002700209708 /* Products */,
			);
			sourceTree = "<group>";
		};
		BD14C91924A5002700209708 /* Products */ = {
			isa = PBXGroup;
			children = (
				BD14C91824A5002700209708 /* Klear.app */,
				979054DF28E9EF4700FF8E13 /* KlearWidgetExtension.appex */,
			);
			name = Products;
			sourceTree = "<group>";
		};
		BD14C91A24A5002700209708 /* Klear */ = {
			isa = PBXGroup;
			children = (
				BD14C92924A5002900209708 /* Info.plist */,
				977887FD28EA2FD400C92F0A /* Model.xcdatamodeld */,
				974212C828F092C400FA3E37 /* Klear.entitlements */,
				BD14C91B24A5002700209708 /* AppDelegate.swift */,
				BD14C91D24A5002700209708 /* SceneDelegate.swift */,
				BD14C92F24A5012A00209708 /* DummyCell.swift */,
				BD14C93124A5012A00209708 /* DummyCell.xib */,
				BD14C93224A5012A00209708 /* TableViewCell.swift */,
				BD14C93524A5012B00209708 /* TodoCell.swift */,
				BD14C93324A5012A00209708 /* TodoCell.xib */,
				BD14C93024A5012A00209708 /* TodoItem.swift */,
				BD14C91F24A5002700209708 /* ViewController.swift */,
				BD14C93D24A5017E00209708 /* Main.storyboard */,
				BD14C92424A5002900209708 /* Assets.xcassets */,
				BD14C92624A5002900209708 /* LaunchScreen.storyboard */,
				974212C028EF697200FA3E37 /* DataRepo.swift */,
				974212C228EF6C6900FA3E37 /* DataController.swift */,
				974212C628EF73BF00FA3E37 /* CoreDataStack.swift */,
				974212C428EF6FFD00FA3E37 /* ItemRepo.swift */,
			);
			path = Klear;
			sourceTree = "<group>";
		};
/* End PBXGroup section */

/* Begin PBXNativeTarget section */
		979054DE28E9EF4700FF8E13 /* KlearWidgetExtension */ = {
			isa = PBXNativeTarget;
			buildConfigurationList = 979054F428E9EF4900FF8E13 /* Build configuration list for PBXNativeTarget "KlearWidgetExtension" */;
			buildPhases = (
				979054DB28E9EF4700FF8E13 /* Sources */,
				979054DC28E9EF4700FF8E13 /* Frameworks */,
				979054DD28E9EF4700FF8E13 /* Resources */,
			);
			buildRules = (
			);
			dependencies = (
			);
			name = KlearWidgetExtension;
			productName = KlearWidgetExtension;
			productReference = 979054DF28E9EF4700FF8E13 /* KlearWidgetExtension.appex */;
			productType = "com.apple.product-type.app-extension";
		};
		BD14C91724A5002700209708 /* Klear */ = {
			isa = PBXNativeTarget;
			buildConfigurationList = BD14C92C24A5002900209708 /* Build configuration list for PBXNativeTarget "Klear" */;
			buildPhases = (
				BD14C91424A5002700209708 /* Sources */,
				BD14C91524A5002700209708 /* Frameworks */,
				BD14C91624A5002700209708 /* Resources */,
				979054F128E9EF4900FF8E13 /* Embed Foundation Extensions */,
			);
			buildRules = (
			);
			dependencies = (
				979054EF28E9EF4900FF8E13 /* PBXTargetDependency */,
			);
			name = Klear;
			productName = Klear;
			productReference = BD14C91824A5002700209708 /* Klear.app */;
			productType = "com.apple.product-type.application";
		};
/* End PBXNativeTarget section */

/* Begin PBXProject section */
		BD14C91024A5002700209708 /* Project object */ = {
			isa = PBXProject;
			attributes = {
				LastSwiftUpdateCheck = 1400;
				LastUpgradeCheck = 1120;
				ORGANIZATIONNAME = "Yorwos Pallikaropoulos";
				TargetAttributes = {
					979054DE28E9EF4700FF8E13 = {
						CreatedOnToolsVersion = 14.0.1;
					};
					BD14C91724A5002700209708 = {
						CreatedOnToolsVersion = 11.2.1;
					};
				};
			};
			buildConfigurationList = BD14C91324A5002700209708 /* Build configuration list for PBXProject "Klear" */;
			compatibilityVersion = "Xcode 9.3";
			developmentRegion = en;
			hasScannedForEncodings = 0;
			knownRegions = (
				en,
				Base,
			);
			mainGroup = BD14C90F24A5002700209708;
			productRefGroup = BD14C91924A5002700209708 /* Products */;
			projectDirPath = "";
			projectRoot = "";
			targets = (
				BD14C91724A5002700209708 /* Klear */,
				979054DE28E9EF4700FF8E13 /* KlearWidgetExtension */,
			);
		};
/* End PBXProject section */

/* Begin PBXResourcesBuildPhase section */
		979054DD28E9EF4700FF8E13 /* Resources */ = {
			isa = PBXResourcesBuildPhase;
			buildActionMask = 2147483647;
			files = (
				979054EA28E9EF4900FF8E13 /* Assets.xcassets in Resources */,
			);
			runOnlyForDeploymentPostprocessing = 0;
		};
		BD14C91624A5002700209708 /* Resources */ = {
			isa = PBXResourcesBuildPhase;
			buildActionMask = 2147483647;
			files = (
				BD14C92824A5002900209708 /* LaunchScreen.storyboard in Resources */,
				BD14C92524A5002900209708 /* Assets.xcassets in Resources */,
				BD14C93824A5012B00209708 /* DummyCell.xib in Resources */,
				BD14C93E24A5017E00209708 /* Main.storyboard in Resources */,
				BD14C93A24A5012B00209708 /* TodoCell.xib in Resources */,
			);
			runOnlyForDeploymentPostprocessing = 0;
		};
/* End PBXResourcesBuildPhase section */

/* Begin PBXSourcesBuildPhase section */
		979054DB28E9EF4700FF8E13 /* Sources */ = {
			isa = PBXSourcesBuildPhase;
			buildActionMask = 2147483647;
			files = (
				974212D028F0E3F900FA3E37 /* CoreDataStack.swift in Sources */,
				979054EC28E9EF4900FF8E13 /* KlearWidget.intentdefinition in Sources */,
				979054E728E9EF4800FF8E13 /* KlearWidget.swift in Sources */,
				974212CF28F0E3E700FA3E37 /* ItemRepo.swift in Sources */,
				974212CD28F0E3B500FA3E37 /* Model.xcdatamodeld in Sources */,
			);
			runOnlyForDeploymentPostprocessing = 0;
		};
		BD14C91424A5002700209708 /* Sources */ = {
			isa = PBXSourcesBuildPhase;
			buildActionMask = 2147483647;
			files = (
				979054ED28E9EF4900FF8E13 /* KlearWidget.intentdefinition in Sources */,
				BD14C93724A5012B00209708 /* TodoItem.swift in Sources */,
				BD14C92024A5002700209708 /* ViewController.swift in Sources */,
				BD14C91C24A5002700209708 /* AppDelegate.swift in Sources */,
				974212C528EF6FFD00FA3E37 /* ItemRepo.swift in Sources */,
				BD14C93924A5012B00209708 /* TableViewCell.swift in Sources */,
				974212C728EF73BF00FA3E37 /* CoreDataStack.swift in Sources */,
				974212C328EF6C6900FA3E37 /* DataController.swift in Sources */,
				977887FF28EA2FD400C92F0A /* Model.xcdatamodeld in Sources */,
				BD14C93624A5012B00209708 /* DummyCell.swift in Sources */,
				BD14C91E24A5002700209708 /* SceneDelegate.swift in Sources */,
				BD14C93C24A5012B00209708 /* TodoCell.swift in Sources */,
				974212C128EF697200FA3E37 /* DataRepo.swift in Sources */,
			);
			runOnlyForDeploymentPostprocessing = 0;
		};
/* End PBXSourcesBuildPhase section */

/* Begin PBXTargetDependency section */
		979054EF28E9EF4900FF8E13 /* PBXTargetDependency */ = {
			isa = PBXTargetDependency;
			target = 979054DE28E9EF4700FF8E13 /* KlearWidgetExtension */;
			targetProxy = 979054EE28E9EF4900FF8E13 /* PBXContainerItemProxy */;
		};
/* End PBXTargetDependency section */

/* Begin PBXVariantGroup section */
		BD14C92624A5002900209708 /* LaunchScreen.storyboard */ = {
			isa = PBXVariantGroup;
			children = (
				BD14C92724A5002900209708 /* Base */,
			);
			name = LaunchScreen.storyboard;
			sourceTree = "<group>";
		};
/* End PBXVariantGroup section */

/* Begin XCBuildConfiguration section */
		979054F228E9EF4900FF8E13 /* Debug */ = {
			isa = XCBuildConfiguration;
			buildSettings = {
				ASSETCATALOG_COMPILER_GLOBAL_ACCENT_COLOR_NAME = AccentColor;
				ASSETCATALOG_COMPILER_WIDGET_BACKGROUND_COLOR_NAME = WidgetBackground;
				CLANG_CXX_LANGUAGE_STANDARD = "gnu++20";
				CLANG_WARN_QUOTED_INCLUDE_IN_FRAMEWORK_HEADER = YES;
				CODE_SIGN_ENTITLEMENTS = KlearWidgetExtension.entitlements;
				CODE_SIGN_STYLE = Automatic;
				CURRENT_PROJECT_VERSION = 1;
				DEVELOPMENT_TEAM = YWXKS4E5M8;
				GENERATE_INFOPLIST_FILE = YES;
				INFOPLIST_FILE = KlearWidget/Info.plist;
				INFOPLIST_KEY_CFBundleDisplayName = KlearWidget;
				INFOPLIST_KEY_NSHumanReadableCopyright = "Copyright © 2022 Yorwos Pallikaropoulos. All rights reserved.";
				IPHONEOS_DEPLOYMENT_TARGET = 16.0;
				LD_RUNPATH_SEARCH_PATHS = (
					"$(inherited)",
					"@executable_path/Frameworks",
					"@executable_path/../../Frameworks",
				);
				MARKETING_VERSION = 1.0;
				PRODUCT_BUNDLE_IDENTIFIER = "eu.yorwos.Klear-2.KlearWidget";
				PRODUCT_NAME = "$(TARGET_NAME)";
				SKIP_INSTALL = YES;
				SWIFT_EMIT_LOC_STRINGS = YES;
				SWIFT_VERSION = 5.0;
				TARGETED_DEVICE_FAMILY = "1,2";
			};
			name = Debug;
		};
		979054F328E9EF4900FF8E13 /* Release */ = {
			isa = XCBuildConfiguration;
			buildSettings = {
				ASSETCATALOG_COMPILER_GLOBAL_ACCENT_COLOR_NAME = AccentColor;
				ASSETCATALOG_COMPILER_WIDGET_BACKGROUND_COLOR_NAME = WidgetBackground;
				CLANG_CXX_LANGUAGE_STANDARD = "gnu++20";
				CLANG_WARN_QUOTED_INCLUDE_IN_FRAMEWORK_HEADER = YES;
				CODE_SIGN_ENTITLEMENTS = KlearWidgetExtension.entitlements;
				CODE_SIGN_STYLE = Automatic;
				CURRENT_PROJECT_VERSION = 1;
				DEVELOPMENT_TEAM = YWXKS4E5M8;
				GENERATE_INFOPLIST_FILE = YES;
				INFOPLIST_FILE = KlearWidget/Info.plist;
				INFOPLIST_KEY_CFBundleDisplayName = KlearWidget;
				INFOPLIST_KEY_NSHumanReadableCopyright = "Copyright © 2022 Yorwos Pallikaropoulos. All rights reserved.";
				IPHONEOS_DEPLOYMENT_TARGET = 16.0;
				LD_RUNPATH_SEARCH_PATHS = (
					"$(inherited)",
					"@executable_path/Frameworks",
					"@executable_path/../../Frameworks",
				);
				MARKETING_VERSION = 1.0;
				PRODUCT_BUNDLE_IDENTIFIER = "eu.yorwos.Klear-2.KlearWidget";
				PRODUCT_NAME = "$(TARGET_NAME)";
				SKIP_INSTALL = YES;
				SWIFT_EMIT_LOC_STRINGS = YES;
				SWIFT_VERSION = 5.0;
				TARGETED_DEVICE_FAMILY = "1,2";
			};
			name = Release;
		};
		BD14C92A24A5002900209708 /* Debug */ = {
			isa = XCBuildConfiguration;
			buildSettings = {
				ALWAYS_SEARCH_USER_PATHS = NO;
				CLANG_ANALYZER_NONNULL = YES;
				CLANG_ANALYZER_NUMBER_OBJECT_CONVERSION = YES_AGGRESSIVE;
				CLANG_CXX_LANGUAGE_STANDARD = "gnu++14";
				CLANG_CXX_LIBRARY = "libc++";
				CLANG_ENABLE_MODULES = YES;
				CLANG_ENABLE_OBJC_ARC = YES;
				CLANG_ENABLE_OBJC_WEAK = YES;
				CLANG_WARN_BLOCK_CAPTURE_AUTORELEASING = YES;
				CLANG_WARN_BOOL_CONVERSION = YES;
				CLANG_WARN_COMMA = YES;
				CLANG_WARN_CONSTANT_CONVERSION = YES;
				CLANG_WARN_DEPRECATED_OBJC_IMPLEMENTATIONS = YES;
				CLANG_WARN_DIRECT_OBJC_ISA_USAGE = YES_ERROR;
				CLANG_WARN_DOCUMENTATION_COMMENTS = YES;
				CLANG_WARN_EMPTY_BODY = YES;
				CLANG_WARN_ENUM_CONVERSION = YES;
				CLANG_WARN_INFINITE_RECURSION = YES;
				CLANG_WARN_INT_CONVERSION = YES;
				CLANG_WARN_NON_LITERAL_NULL_CONVERSION = YES;
				CLANG_WARN_OBJC_IMPLICIT_RETAIN_SELF = YES;
				CLANG_WARN_OBJC_LITERAL_CONVERSION = YES;
				CLANG_WARN_OBJC_ROOT_CLASS = YES_ERROR;
				CLANG_WARN_RANGE_LOOP_ANALYSIS = YES;
				CLANG_WARN_STRICT_PROTOTYPES = YES;
				CLANG_WARN_SUSPICIOUS_MOVE = YES;
				CLANG_WARN_UNGUARDED_AVAILABILITY = YES_AGGRESSIVE;
				CLANG_WARN_UNREACHABLE_CODE = YES;
				CLANG_WARN__DUPLICATE_METHOD_MATCH = YES;
				COPY_PHASE_STRIP = NO;
				DEBUG_INFORMATION_FORMAT = dwarf;
				ENABLE_STRICT_OBJC_MSGSEND = YES;
				ENABLE_TESTABILITY = YES;
				GCC_C_LANGUAGE_STANDARD = gnu11;
				GCC_DYNAMIC_NO_PIC = NO;
				GCC_NO_COMMON_BLOCKS = YES;
				GCC_OPTIMIZATION_LEVEL = 0;
				GCC_PREPROCESSOR_DEFINITIONS = (
					"DEBUG=1",
					"$(inherited)",
				);
				GCC_WARN_64_TO_32_BIT_CONVERSION = YES;
				GCC_WARN_ABOUT_RETURN_TYPE = YES_ERROR;
				GCC_WARN_UNDECLARED_SELECTOR = YES;
				GCC_WARN_UNINITIALIZED_AUTOS = YES_AGGRESSIVE;
				GCC_WARN_UNUSED_FUNCTION = YES;
				GCC_WARN_UNUSED_VARIABLE = YES;
				IPHONEOS_DEPLOYMENT_TARGET = 13.2;
				MTL_ENABLE_DEBUG_INFO = INCLUDE_SOURCE;
				MTL_FAST_MATH = YES;
				ONLY_ACTIVE_ARCH = YES;
				SDKROOT = iphoneos;
				SWIFT_ACTIVE_COMPILATION_CONDITIONS = DEBUG;
				SWIFT_OPTIMIZATION_LEVEL = "-Onone";
			};
			name = Debug;
		};
		BD14C92B24A5002900209708 /* Release */ = {
			isa = XCBuildConfiguration;
			buildSettings = {
				ALWAYS_SEARCH_USER_PATHS = NO;
				CLANG_ANALYZER_NONNULL = YES;
				CLANG_ANALYZER_NUMBER_OBJECT_CONVERSION = YES_AGGRESSIVE;
				CLANG_CXX_LANGUAGE_STANDARD = "gnu++14";
				CLANG_CXX_LIBRARY = "libc++";
				CLANG_ENABLE_MODULES = YES;
				CLANG_ENABLE_OBJC_ARC = YES;
				CLANG_ENABLE_OBJC_WEAK = YES;
				CLANG_WARN_BLOCK_CAPTURE_AUTORELEASING = YES;
				CLANG_WARN_BOOL_CONVERSION = YES;
				CLANG_WARN_COMMA = YES;
				CLANG_WARN_CONSTANT_CONVERSION = YES;
				CLANG_WARN_DEPRECATED_OBJC_IMPLEMENTATIONS = YES;
				CLANG_WARN_DIRECT_OBJC_ISA_USAGE = YES_ERROR;
				CLANG_WARN_DOCUMENTATION_COMMENTS = YES;
				CLANG_WARN_EMPTY_BODY = YES;
				CLANG_WARN_ENUM_CONVERSION = YES;
				CLANG_WARN_INFINITE_RECURSION = YES;
				CLANG_WARN_INT_CONVERSION = YES;
				CLANG_WARN_NON_LITERAL_NULL_CONVERSION = YES;
				CLANG_WARN_OBJC_IMPLICIT_RETAIN_SELF = YES;
				CLANG_WARN_OBJC_LITERAL_CONVERSION = YES;
				CLANG_WARN_OBJC_ROOT_CLASS = YES_ERROR;
				CLANG_WARN_RANGE_LOOP_ANALYSIS = YES;
				CLANG_WARN_STRICT_PROTOTYPES = YES;
				CLANG_WARN_SUSPICIOUS_MOVE = YES;
				CLANG_WARN_UNGUARDED_AVAILABILITY = YES_AGGRESSIVE;
				CLANG_WARN_UNREACHABLE_CODE = YES;
				CLANG_WARN__DUPLICATE_METHOD_MATCH = YES;
				COPY_PHASE_STRIP = NO;
				DEBUG_INFORMATION_FORMAT = "dwarf-with-dsym";
				ENABLE_NS_ASSERTIONS = NO;
				ENABLE_STRICT_OBJC_MSGSEND = YES;
				GCC_C_LANGUAGE_STANDARD = gnu11;
				GCC_NO_COMMON_BLOCKS = YES;
				GCC_WARN_64_TO_32_BIT_CONVERSION = YES;
				GCC_WARN_ABOUT_RETURN_TYPE = YES_ERROR;
				GCC_WARN_UNDECLARED_SELECTOR = YES;
				GCC_WARN_UNINITIALIZED_AUTOS = YES_AGGRESSIVE;
				GCC_WARN_UNUSED_FUNCTION = YES;
				GCC_WARN_UNUSED_VARIABLE = YES;
				IPHONEOS_DEPLOYMENT_TARGET = 13.2;
				MTL_ENABLE_DEBUG_INFO = NO;
				MTL_FAST_MATH = YES;
				SDKROOT = iphoneos;
				SWIFT_COMPILATION_MODE = wholemodule;
				SWIFT_OPTIMIZATION_LEVEL = "-O";
				VALIDATE_PRODUCT = YES;
			};
			name = Release;
		};
		BD14C92D24A5002900209708 /* Debug */ = {
			isa = XCBuildConfiguration;
			buildSettings = {
				ALWAYS_EMBED_SWIFT_STANDARD_LIBRARIES = YES;
				ASSETCATALOG_COMPILER_APPICON_NAME = AppIcon;
				CODE_SIGN_ENTITLEMENTS = Klear/Klear.entitlements;
				CODE_SIGN_STYLE = Automatic;
				DEVELOPMENT_TEAM = YWXKS4E5M8;
				INFOPLIST_FILE = Klear/Info.plist;
				IPHONEOS_DEPLOYMENT_TARGET = 15.0;
				LD_RUNPATH_SEARCH_PATHS = (
					"$(inherited)",
					"@executable_path/Frameworks",
				);
				PRODUCT_BUNDLE_IDENTIFIER = "eu.yorwos.Klear-2";
				PRODUCT_NAME = "$(TARGET_NAME)";
				SWIFT_VERSION = 5.0;
				TARGETED_DEVICE_FAMILY = 1;
			};
			name = Debug;
		};
		BD14C92E24A5002900209708 /* Release */ = {
			isa = XCBuildConfiguration;
			buildSettings = {
				ALWAYS_EMBED_SWIFT_STANDARD_LIBRARIES = YES;
				ASSETCATALOG_COMPILER_APPICON_NAME = AppIcon;
				CODE_SIGN_ENTITLEMENTS = Klear/Klear.entitlements;
				CODE_SIGN_STYLE = Automatic;
				DEVELOPMENT_TEAM = YWXKS4E5M8;
				INFOPLIST_FILE = Klear/Info.plist;
				IPHONEOS_DEPLOYMENT_TARGET = 15.0;
				LD_RUNPATH_SEARCH_PATHS = (
					"$(inherited)",
					"@executable_path/Frameworks",
				);
				PRODUCT_BUNDLE_IDENTIFIER = "eu.yorwos.Klear-2";
				PRODUCT_NAME = "$(TARGET_NAME)";
				SWIFT_VERSION = 5.0;
				TARGETED_DEVICE_FAMILY = 1;
			};
			name = Release;
		};
/* End XCBuildConfiguration section */

/* Begin XCConfigurationList section */
		979054F428E9EF4900FF8E13 /* Build configuration list for PBXNativeTarget "KlearWidgetExtension" */ = {
			isa = XCConfigurationList;
			buildConfigurations = (
				979054F228E9EF4900FF8E13 /* Debug */,
				979054F328E9EF4900FF8E13 /* Release */,
			);
			defaultConfigurationIsVisible = 0;
			defaultConfigurationName = Release;
		};
		BD14C91324A5002700209708 /* Build configuration list for PBXProject "Klear" */ = {
			isa = XCConfigurationList;
			buildConfigurations = (
				BD14C92A24A5002900209708 /* Debug */,
				BD14C92B24A5002900209708 /* Release */,
			);
			defaultConfigurationIsVisible = 0;
			defaultConfigurationName = Release;
		};
		BD14C92C24A5002900209708 /* Build configuration list for PBXNativeTarget "Klear" */ = {
			isa = XCConfigurationList;
			buildConfigurations = (
				BD14C92D24A5002900209708 /* Debug */,
				BD14C92E24A5002900209708 /* Release */,
			);
			defaultConfigurationIsVisible = 0;
			defaultConfigurationName = Release;
		};
/* End XCConfigurationList section */

/* Begin XCVersionGroup section */
		977887FD28EA2FD400C92F0A /* Model.xcdatamodeld */ = {
			isa = XCVersionGroup;
			children = (
				977887FE28EA2FD400C92F0A /* Model.xcdatamodel */,
			);
			currentVersion = 977887FE28EA2FD400C92F0A /* Model.xcdatamodel */;
			path = Model.xcdatamodeld;
			sourceTree = "<group>";
			versionGroupType = wrapper.xcdatamodel;
		};
/* End XCVersionGroup section */
	};
	rootObject = BD14C91024A5002700209708 /* Project object */;
}
